
Microsoft Visual Studio Solution File, Format Version 12.00
# Visual Studio 15
VisualStudioVersion = 15.0.28010.2036
MinimumVisualStudioVersion = 10.0.40219.1
Project("{FAE04EC0-301F-11D3-BF4B-00C04F79EFBC}") = "P208_ASP_Front", "P208_ASP_Front\P208_ASP_Front.csproj", "{172F4E65-E719-41B0-A5DE-EED6FC9A9F21}"
EndProject
Global
	GlobalSection(SolutionConfigurationPlatforms) = preSolution
		Debug|Any CPU = Debug|Any CPU
		Release|Any CPU = Release|Any CPU
	EndGlobalSection
	GlobalSection(ProjectConfigurationPlatforms) = postSolution
		{172F4E65-E719-41B0-A5DE-EED6FC9A9F21}.Debug|Any CPU.ActiveCfg = Debug|Any CPU
		{172F4E65-E719-41B0-A5DE-EED6FC9A9F21}.Debug|Any CPU.Build.0 = Debug|Any CPU
		{172F4E65-E719-41B0-A5DE-EED6FC9A9F21}.Release|Any CPU.ActiveCfg = Release|Any CPU
		{172F4E65-E719-41B0-A5DE-EED6FC9A9F21}.Release|Any CPU.Build.0 = Release|Any CPU
	EndGlobalSection
	GlobalSection(SolutionProperties) = preSolution
		HideSolutionNode = FALSE
	EndGlobalSection
	GlobalSection(ExtensibilityGlobals) = postSolution
		SolutionGuid = {3436E790-AB22-4F56-BD18-FEB2F0DBB607}
	EndGlobalSection
EndGlobal
